
Microsoft Visual Studio Solution File, Format Version 12.00
# Visual Studio Version 17
VisualStudioVersion = 17.0.32014.148
MinimumVisualStudioVersion = 10.0.40219.1
Project("{FAE04EC0-301F-11D3-BF4B-00C04F79EFBC}") = "CSharp", "CSharp\CSharp.csproj", "{EC86A331-8CA3-4979-A09B-E96995EAC5B9}"
EndProject
Global
	GlobalSection(SolutionConfigurationPlatforms) = preSolution
		Debug|Any CPU = Debug|Any CPU
		Release|Any CPU = Release|Any CPU
	EndGlobalSection
	GlobalSection(ProjectConfigurationPlatforms) = postSolution
		{EC86A331-8CA3-4979-A09B-E96995EAC5B9}.Debug|Any CPU.ActiveCfg = Debug|Any CPU
		{EC86A331-8CA3-4979-A09B-E96995EAC5B9}.Debug|Any CPU.Build.0 = Debug|Any CPU
		{EC86A331-8CA3-4979-A09B-E96995EAC5B9}.Release|Any CPU.ActiveCfg = Release|Any CPU
		{EC86A331-8CA3-4979-A09B-E96995EAC5B9}.Release|Any CPU.Build.0 = Release|Any CPU
	EndGlobalSection
	GlobalSection(SolutionProperties) = preSolution
		HideSolutionNode = FALSE
	EndGlobalSection
	GlobalSection(ExtensibilityGlobals) = postSolution
		SolutionGuid = {6F599D10-8D48-4714-8CEE-5AC6BACE99B4}
	EndGlobalSection
EndGlobal
